// !$*UTF8*$!
{
	archiveVersion = 1;
	classes = {
	};
	objectVersion = 56;
	objects = {

/* Begin PBXBuildFile section */
		3F0842242A852D2A00B5E661 /* String.swift in Sources */ = {isa = PBXBuildFile; fileRef = 3F0842232A852D2A00B5E661 /* String.swift */; };
		3F0842272A852EA800B5E661 /* FirebaseAppCheck in Frameworks */ = {isa = PBXBuildFile; productRef = 3F0842262A852EA800B5E661 /* FirebaseAppCheck */; };
		3F0842292A852EA800B5E661 /* FirebaseAuth in Frameworks */ = {isa = PBXBuildFile; productRef = 3F0842282A852EA800B5E661 /* FirebaseAuth */; };
		3F08422B2A852EA800B5E661 /* FirebaseDatabase in Frameworks */ = {isa = PBXBuildFile; productRef = 3F08422A2A852EA800B5E661 /* FirebaseDatabase */; };
		3F08422D2A852EA800B5E661 /* FirebaseDatabaseSwift in Frameworks */ = {isa = PBXBuildFile; productRef = 3F08422C2A852EA800B5E661 /* FirebaseDatabaseSwift */; };
		3F08422F2A852EA800B5E661 /* FirebaseFirestore in Frameworks */ = {isa = PBXBuildFile; productRef = 3F08422E2A852EA800B5E661 /* FirebaseFirestore */; };
		3F0842312A852EA800B5E661 /* FirebaseFirestoreSwift in Frameworks */ = {isa = PBXBuildFile; productRef = 3F0842302A852EA800B5E661 /* FirebaseFirestoreSwift */; };
		3F0842332A852EA800B5E661 /* FirebaseFunctions in Frameworks */ = {isa = PBXBuildFile; productRef = 3F0842322A852EA800B5E661 /* FirebaseFunctions */; };
		3F0842352A852EA800B5E661 /* FirebaseInstallations in Frameworks */ = {isa = PBXBuildFile; productRef = 3F0842342A852EA800B5E661 /* FirebaseInstallations */; };
		3F0842372A852EA800B5E661 /* FirebaseMessaging in Frameworks */ = {isa = PBXBuildFile; productRef = 3F0842362A852EA800B5E661 /* FirebaseMessaging */; };
		3F0842392A852EA800B5E661 /* FirebaseRemoteConfigSwift in Frameworks */ = {isa = PBXBuildFile; productRef = 3F0842382A852EA800B5E661 /* FirebaseRemoteConfigSwift */; };
		3F08423B2A852EA800B5E661 /* FirebaseStorage in Frameworks */ = {isa = PBXBuildFile; productRef = 3F08423A2A852EA800B5E661 /* FirebaseStorage */; };
		3F08423D2A8530DF00B5E661 /* SignUpView.swift in Sources */ = {isa = PBXBuildFile; fileRef = 3F08423C2A8530DF00B5E661 /* SignUpView.swift */; };
		3F08423F2A85607500B5E661 /* AuthView.swift in Sources */ = {isa = PBXBuildFile; fileRef = 3F08423E2A85607500B5E661 /* AuthView.swift */; };
		3F0842442A857C0400B5E661 /* GoogleService-Info.plist in Resources */ = {isa = PBXBuildFile; fileRef = 3F0842432A857C0400B5E661 /* GoogleService-Info.plist */; };
		3F0842482A85803300B5E661 /* BooksView.swift in Sources */ = {isa = PBXBuildFile; fileRef = 3F0842472A85803300B5E661 /* BooksView.swift */; };
		3F08424A2A85805E00B5E661 /* SettingsView.swift in Sources */ = {isa = PBXBuildFile; fileRef = 3F0842492A85805E00B5E661 /* SettingsView.swift */; };
		3F08424D2A8584A700B5E661 /* Activity_qrbook.swift in Sources */ = {isa = PBXBuildFile; fileRef = 3F08424C2A8584A700B5E661 /* Activity_qrbook.swift */; };
		3F08424F2A8584EE00B5E661 /* Book_setup_Options.swift in Sources */ = {isa = PBXBuildFile; fileRef = 3F08424E2A8584EE00B5E661 /* Book_setup_Options.swift */; };
		3F0842512A85851C00B5E661 /* Email_invite_dialog.swift in Sources */ = {isa = PBXBuildFile; fileRef = 3F0842502A85851C00B5E661 /* Email_invite_dialog.swift */; };
		3F0842532A85859500B5E661 /* Add_image_gift.swift in Sources */ = {isa = PBXBuildFile; fileRef = 3F0842522A85859500B5E661 /* Add_image_gift.swift */; };
		3F0842552A8586DF00B5E661 /* ForgotPassword.swift in Sources */ = {isa = PBXBuildFile; fileRef = 3F0842542A8586DF00B5E661 /* ForgotPassword.swift */; };
		3F0842572A858DE900B5E661 /* giftMessage.swift in Sources */ = {isa = PBXBuildFile; fileRef = 3F0842562A858DE900B5E661 /* giftMessage.swift */; };
		3F0842592A85987200B5E661 /* BookList.swift in Sources */ = {isa = PBXBuildFile; fileRef = 3F0842582A85987200B5E661 /* BookList.swift */; };
		3F08425B2A85995300B5E661 /* ClaimedImage.swift in Sources */ = {isa = PBXBuildFile; fileRef = 3F08425A2A85995300B5E661 /* ClaimedImage.swift */; };
		3F08425D2A85996400B5E661 /* ClaimedVideo.swift in Sources */ = {isa = PBXBuildFile; fileRef = 3F08425C2A85996400B5E661 /* ClaimedVideo.swift */; };
		3F0842632A859D2100B5E661 /* Activity_Gifting2.swift in Sources */ = {isa = PBXBuildFile; fileRef = 3F0842622A859D2100B5E661 /* Activity_Gifting2.swift */; };
		3F0842652A859F8500B5E661 /* PairingCode.swift in Sources */ = {isa = PBXBuildFile; fileRef = 3F0842642A859F8500B5E661 /* PairingCode.swift */; };
		3F0842672A85A07100B5E661 /* Activity_Gifting4.swift in Sources */ = {isa = PBXBuildFile; fileRef = 3F0842662A85A07100B5E661 /* Activity_Gifting4.swift */; };
		3F0842692A85A4A200B5E661 /* Activity_Gifting5.swift in Sources */ = {isa = PBXBuildFile; fileRef = 3F0842682A85A4A200B5E661 /* Activity_Gifting5.swift */; };
		3F08426F2A85AB9400B5E661 /* QrBook_Naming.swift in Sources */ = {isa = PBXBuildFile; fileRef = 3F08426E2A85AB9400B5E661 /* QrBook_Naming.swift */; };
		3F0842712A85AE9C00B5E661 /* FAQ.swift in Sources */ = {isa = PBXBuildFile; fileRef = 3F0842702A85AE9C00B5E661 /* FAQ.swift */; };
		3F0842762A865E6300B5E661 /* CodeScanner in Frameworks */ = {isa = PBXBuildFile; productRef = 3F0842752A865E6300B5E661 /* CodeScanner */; };
		3F0842782A86A1F400B5E661 /* ScannerView.swift in Sources */ = {isa = PBXBuildFile; fileRef = 3F0842772A86A1F400B5E661 /* ScannerView.swift */; };
		3F08427A2A86ADB100B5E661 /* CameraView.swift in Sources */ = {isa = PBXBuildFile; fileRef = 3F0842792A86ADB100B5E661 /* CameraView.swift */; };
		3F08427C2A86BDB100B5E661 /* Permission.swift in Sources */ = {isa = PBXBuildFile; fileRef = 3F08427B2A86BDB100B5E661 /* Permission.swift */; };
		3F08427E2A86C9AE00B5E661 /* QRScannerDeligate.swift in Sources */ = {isa = PBXBuildFile; fileRef = 3F08427D2A86C9AE00B5E661 /* QRScannerDeligate.swift */; };
		3F0842802A87FF7500B5E661 /* AttachImage.swift in Sources */ = {isa = PBXBuildFile; fileRef = 3F08427F2A87FF7400B5E661 /* AttachImage.swift */; };
		3F0842832A88252700B5E661 /* SettingsRowView.swift in Sources */ = {isa = PBXBuildFile; fileRef = 3F0842822A88252700B5E661 /* SettingsRowView.swift */; };
		3F26BE762A897758007978B2 /* NavigationBarView.swift in Sources */ = {isa = PBXBuildFile; fileRef = 3F26BE752A897758007978B2 /* NavigationBarView.swift */; };
		3F26BE782A8A310F007978B2 /* HomeScreenView.swift in Sources */ = {isa = PBXBuildFile; fileRef = 3F26BE772A8A310F007978B2 /* HomeScreenView.swift */; };
		3F26BE7A2A8A4D84007978B2 /* MediaEditor.swift in Sources */ = {isa = PBXBuildFile; fileRef = 3F26BE792A8A4D84007978B2 /* MediaEditor.swift */; };
		3F26BE7C2A8A4DF3007978B2 /* Shop.swift in Sources */ = {isa = PBXBuildFile; fileRef = 3F26BE7B2A8A4DF3007978B2 /* Shop.swift */; };
		3F26BE802A8A4E47007978B2 /* ActivitiesView.swift in Sources */ = {isa = PBXBuildFile; fileRef = 3F26BE7F2A8A4E47007978B2 /* ActivitiesView.swift */; };
		3F513BA72A88F3D10066293A /* InviteView.swift in Sources */ = {isa = PBXBuildFile; fileRef = 3F513BA62A88F3D10066293A /* InviteView.swift */; };
		3F513BA92A88FB5E0066293A /* SettingUp.swift in Sources */ = {isa = PBXBuildFile; fileRef = 3F513BA82A88FB5E0066293A /* SettingUp.swift */; };
		3F513BAB2A88FE7F0066293A /* Gift_Setup.swift in Sources */ = {isa = PBXBuildFile; fileRef = 3F513BAA2A88FE7F0066293A /* Gift_Setup.swift */; };
		3F58F35C2A85180200DF076E /* visualbookApp.swift in Sources */ = {isa = PBXBuildFile; fileRef = 3F58F35B2A85180200DF076E /* visualbookApp.swift */; };
		3F58F35E2A85180200DF076E /* RootView.swift in Sources */ = {isa = PBXBuildFile; fileRef = 3F58F35D2A85180200DF076E /* RootView.swift */; };
		3F58F3602A85180300DF076E /* Assets.xcassets in Resources */ = {isa = PBXBuildFile; fileRef = 3F58F35F2A85180300DF076E /* Assets.xcassets */; };
		3F58F3632A85180300DF076E /* Preview Assets.xcassets in Resources */ = {isa = PBXBuildFile; fileRef = 3F58F3622A85180300DF076E /* Preview Assets.xcassets */; };
		3F58F36B2A8518B600DF076E /* LoginView.swift in Sources */ = {isa = PBXBuildFile; fileRef = 3F58F36A2A8518B500DF076E /* LoginView.swift */; };
/* End PBXBuildFile section */

/* Begin PBXFileReference section */
		3F0842232A852D2A00B5E661 /* String.swift */ = {isa = PBXFileReference; lastKnownFileType = sourcecode.swift; path = String.swift; sourceTree = "<group>"; };
		3F08423C2A8530DF00B5E661 /* SignUpView.swift */ = {isa = PBXFileReference; lastKnownFileType = sourcecode.swift; path = SignUpView.swift; sourceTree = "<group>"; };
		3F08423E2A85607500B5E661 /* AuthView.swift */ = {isa = PBXFileReference; lastKnownFileType = sourcecode.swift; path = AuthView.swift; sourceTree = "<group>"; };
		3F0842422A856A8400B5E661 /* visualbook.entitlements */ = {isa = PBXFileReference; lastKnownFileType = text.plist.entitlements; path = visualbook.entitlements; sourceTree = "<group>"; };
		3F0842432A857C0400B5E661 /* GoogleService-Info.plist */ = {isa = PBXFileReference; fileEncoding = 4; lastKnownFileType = text.plist.xml; name = "GoogleService-Info.plist"; path = "../../../../Downloads/GoogleService-Info.plist"; sourceTree = "<group>"; };
		3F0842472A85803300B5E661 /* BooksView.swift */ = {isa = PBXFileReference; lastKnownFileType = sourcecode.swift; path = BooksView.swift; sourceTree = "<group>"; };
		3F0842492A85805E00B5E661 /* SettingsView.swift */ = {isa = PBXFileReference; lastKnownFileType = sourcecode.swift; path = SettingsView.swift; sourceTree = "<group>"; };
		3F08424C2A8584A700B5E661 /* Activity_qrbook.swift */ = {isa = PBXFileReference; lastKnownFileType = sourcecode.swift; path = Activity_qrbook.swift; sourceTree = "<group>"; };
		3F08424E2A8584EE00B5E661 /* Book_setup_Options.swift */ = {isa = PBXFileReference; lastKnownFileType = sourcecode.swift; path = Book_setup_Options.swift; sourceTree = "<group>"; };
		3F0842502A85851C00B5E661 /* Email_invite_dialog.swift */ = {isa = PBXFileReference; lastKnownFileType = sourcecode.swift; path = Email_invite_dialog.swift; sourceTree = "<group>"; };
		3F0842522A85859500B5E661 /* Add_image_gift.swift */ = {isa = PBXFileReference; lastKnownFileType = sourcecode.swift; path = Add_image_gift.swift; sourceTree = "<group>"; };
		3F0842542A8586DF00B5E661 /* ForgotPassword.swift */ = {isa = PBXFileReference; lastKnownFileType = sourcecode.swift; path = ForgotPassword.swift; sourceTree = "<group>"; };
		3F0842562A858DE900B5E661 /* giftMessage.swift */ = {isa = PBXFileReference; lastKnownFileType = sourcecode.swift; path = giftMessage.swift; sourceTree = "<group>"; };
		3F0842582A85987200B5E661 /* BookList.swift */ = {isa = PBXFileReference; lastKnownFileType = sourcecode.swift; path = BookList.swift; sourceTree = "<group>"; };
		3F08425A2A85995300B5E661 /* ClaimedImage.swift */ = {isa = PBXFileReference; lastKnownFileType = sourcecode.swift; path = ClaimedImage.swift; sourceTree = "<group>"; };
		3F08425C2A85996400B5E661 /* ClaimedVideo.swift */ = {isa = PBXFileReference; lastKnownFileType = sourcecode.swift; path = ClaimedVideo.swift; sourceTree = "<group>"; };
		3F0842622A859D2100B5E661 /* Activity_Gifting2.swift */ = {isa = PBXFileReference; lastKnownFileType = sourcecode.swift; path = Activity_Gifting2.swift; sourceTree = "<group>"; };
		3F0842642A859F8500B5E661 /* PairingCode.swift */ = {isa = PBXFileReference; lastKnownFileType = sourcecode.swift; path = PairingCode.swift; sourceTree = "<group>"; };
		3F0842662A85A07100B5E661 /* Activity_Gifting4.swift */ = {isa = PBXFileReference; lastKnownFileType = sourcecode.swift; path = Activity_Gifting4.swift; sourceTree = "<group>"; };
		3F0842682A85A4A200B5E661 /* Activity_Gifting5.swift */ = {isa = PBXFileReference; lastKnownFileType = sourcecode.swift; path = Activity_Gifting5.swift; sourceTree = "<group>"; };
		3F08426E2A85AB9400B5E661 /* QrBook_Naming.swift */ = {isa = PBXFileReference; lastKnownFileType = sourcecode.swift; path = QrBook_Naming.swift; sourceTree = "<group>"; };
		3F0842702A85AE9C00B5E661 /* FAQ.swift */ = {isa = PBXFileReference; lastKnownFileType = sourcecode.swift; path = FAQ.swift; sourceTree = "<group>"; };
		3F0842772A86A1F400B5E661 /* ScannerView.swift */ = {isa = PBXFileReference; lastKnownFileType = sourcecode.swift; path = ScannerView.swift; sourceTree = "<group>"; };
		3F0842792A86ADB100B5E661 /* CameraView.swift */ = {isa = PBXFileReference; lastKnownFileType = sourcecode.swift; path = CameraView.swift; sourceTree = "<group>"; };
		3F08427B2A86BDB100B5E661 /* Permission.swift */ = {isa = PBXFileReference; lastKnownFileType = sourcecode.swift; path = Permission.swift; sourceTree = "<group>"; };
		3F08427D2A86C9AE00B5E661 /* QRScannerDeligate.swift */ = {isa = PBXFileReference; lastKnownFileType = sourcecode.swift; path = QRScannerDeligate.swift; sourceTree = "<group>"; };
		3F08427F2A87FF7400B5E661 /* AttachImage.swift */ = {isa = PBXFileReference; lastKnownFileType = sourcecode.swift; path = AttachImage.swift; sourceTree = "<group>"; };
		3F0842822A88252700B5E661 /* SettingsRowView.swift */ = {isa = PBXFileReference; fileEncoding = 4; lastKnownFileType = sourcecode.swift; path = SettingsRowView.swift; sourceTree = "<group>"; };
		3F26BE752A897758007978B2 /* NavigationBarView.swift */ = {isa = PBXFileReference; lastKnownFileType = sourcecode.swift; path = NavigationBarView.swift; sourceTree = "<group>"; };
		3F26BE772A8A310F007978B2 /* HomeScreenView.swift */ = {isa = PBXFileReference; lastKnownFileType = sourcecode.swift; path = HomeScreenView.swift; sourceTree = "<group>"; };
		3F26BE792A8A4D84007978B2 /* MediaEditor.swift */ = {isa = PBXFileReference; lastKnownFileType = sourcecode.swift; path = MediaEditor.swift; sourceTree = "<group>"; };
		3F26BE7B2A8A4DF3007978B2 /* Shop.swift */ = {isa = PBXFileReference; lastKnownFileType = sourcecode.swift; path = Shop.swift; sourceTree = "<group>"; };
		3F26BE7F2A8A4E47007978B2 /* ActivitiesView.swift */ = {isa = PBXFileReference; lastKnownFileType = sourcecode.swift; path = ActivitiesView.swift; sourceTree = "<group>"; };
		3F513BA62A88F3D10066293A /* InviteView.swift */ = {isa = PBXFileReference; lastKnownFileType = sourcecode.swift; path = InviteView.swift; sourceTree = "<group>"; };
		3F513BA82A88FB5E0066293A /* SettingUp.swift */ = {isa = PBXFileReference; lastKnownFileType = sourcecode.swift; path = SettingUp.swift; sourceTree = "<group>"; };
		3F513BAA2A88FE7F0066293A /* Gift_Setup.swift */ = {isa = PBXFileReference; lastKnownFileType = sourcecode.swift; path = Gift_Setup.swift; sourceTree = "<group>"; };
		3F58F3582A85180200DF076E /* visualbook.app */ = {isa = PBXFileReference; explicitFileType = wrapper.application; includeInIndex = 0; path = visualbook.app; sourceTree = BUILT_PRODUCTS_DIR; };
		3F58F35B2A85180200DF076E /* visualbookApp.swift */ = {isa = PBXFileReference; lastKnownFileType = sourcecode.swift; path = visualbookApp.swift; sourceTree = "<group>"; };
		3F58F35D2A85180200DF076E /* RootView.swift */ = {isa = PBXFileReference; lastKnownFileType = sourcecode.swift; path = RootView.swift; sourceTree = "<group>"; };
		3F58F35F2A85180300DF076E /* Assets.xcassets */ = {isa = PBXFileReference; lastKnownFileType = folder.assetcatalog; path = Assets.xcassets; sourceTree = "<group>"; };
		3F58F3622A85180300DF076E /* Preview Assets.xcassets */ = {isa = PBXFileReference; lastKnownFileType = folder.assetcatalog; path = "Preview Assets.xcassets"; sourceTree = "<group>"; };
		3F58F36A2A8518B500DF076E /* LoginView.swift */ = {isa = PBXFileReference; lastKnownFileType = sourcecode.swift; path = LoginView.swift; sourceTree = "<group>"; };
/* End PBXFileReference section */

/* Begin PBXFrameworksBuildPhase section */
		3F58F3552A85180200DF076E /* Frameworks */ = {
			isa = PBXFrameworksBuildPhase;
			buildActionMask = 2147483647;
			files = (
				3F0842372A852EA800B5E661 /* FirebaseMessaging in Frameworks */,
				3F08422D2A852EA800B5E661 /* FirebaseDatabaseSwift in Frameworks */,
				3F0842332A852EA800B5E661 /* FirebaseFunctions in Frameworks */,
				3F08422B2A852EA800B5E661 /* FirebaseDatabase in Frameworks */,
				3F0842352A852EA800B5E661 /* FirebaseInstallations in Frameworks */,
				3F0842272A852EA800B5E661 /* FirebaseAppCheck in Frameworks */,
				3F08422F2A852EA800B5E661 /* FirebaseFirestore in Frameworks */,
				3F0842392A852EA800B5E661 /* FirebaseRemoteConfigSwift in Frameworks */,
				3F0842762A865E6300B5E661 /* CodeScanner in Frameworks */,
				3F08423B2A852EA800B5E661 /* FirebaseStorage in Frameworks */,
				3F0842292A852EA800B5E661 /* FirebaseAuth in Frameworks */,
				3F0842312A852EA800B5E661 /* FirebaseFirestoreSwift in Frameworks */,
			);
			runOnlyForDeploymentPostprocessing = 0;
		};
/* End PBXFrameworksBuildPhase section */

/* Begin PBXGroup section */
		3F0842222A852D1500B5E661 /* Extensions */ = {
			isa = PBXGroup;
			children = (
				3F0842232A852D2A00B5E661 /* String.swift */,
			);
			path = Extensions;
			sourceTree = "<group>";
		};
		3F08424B2A85847E00B5E661 /* Activities */ = {
			isa = PBXGroup;
			children = (
				3F08426D2A85AB6800B5E661 /* QrBook */,
				3F0842612A859CCE00B5E661 /* Gifting */,
				3F0842502A85851C00B5E661 /* Email_invite_dialog.swift */,
				3F0842522A85859500B5E661 /* Add_image_gift.swift */,
				3F0842542A8586DF00B5E661 /* ForgotPassword.swift */,
				3F08425A2A85995300B5E661 /* ClaimedImage.swift */,
				3F08425C2A85996400B5E661 /* ClaimedVideo.swift */,
				3F08427F2A87FF7400B5E661 /* AttachImage.swift */,
			);
			path = Activities;
			sourceTree = "<group>";
		};
		3F0842612A859CCE00B5E661 /* Gifting */ = {
			isa = PBXGroup;
			children = (
				3F08426C2A85AB5E00B5E661 /* New Group */,
				3F0842562A858DE900B5E661 /* giftMessage.swift */,
				3F513BAA2A88FE7F0066293A /* Gift_Setup.swift */,
				3F513BA62A88F3D10066293A /* InviteView.swift */,
				3F0842622A859D2100B5E661 /* Activity_Gifting2.swift */,
				3F0842642A859F8500B5E661 /* PairingCode.swift */,
				3F0842662A85A07100B5E661 /* Activity_Gifting4.swift */,
				3F0842682A85A4A200B5E661 /* Activity_Gifting5.swift */,
			);
			path = Gifting;
			sourceTree = "<group>";
		};
		3F08426C2A85AB5E00B5E661 /* New Group */ = {
			isa = PBXGroup;
			children = (
			);
			path = "New Group";
			sourceTree = "<group>";
		};
		3F08426D2A85AB6800B5E661 /* QrBook */ = {
			isa = PBXGroup;
			children = (
				3F08424C2A8584A700B5E661 /* Activity_qrbook.swift */,
				3F08426E2A85AB9400B5E661 /* QrBook_Naming.swift */,
				3F0842772A86A1F400B5E661 /* ScannerView.swift */,
				3F0842792A86ADB100B5E661 /* CameraView.swift */,
				3F08427B2A86BDB100B5E661 /* Permission.swift */,
				3F08427D2A86C9AE00B5E661 /* QRScannerDeligate.swift */,
			);
			path = QrBook;
			sourceTree = "<group>";
		};
		3F0842812A88250D00B5E661 /* Components */ = {
			isa = PBXGroup;
			children = (
				3F0842822A88252700B5E661 /* SettingsRowView.swift */,
			);
			path = Components;
			sourceTree = "<group>";
		};
		3F513BAC2A8908480066293A /* Setup */ = {
			isa = PBXGroup;
			children = (
				3F513BA82A88FB5E0066293A /* SettingUp.swift */,
			);
			path = Setup;
			sourceTree = "<group>";
		};
		3F513BAD2A890BBE0066293A /* Books */ = {
			isa = PBXGroup;
			children = (
				3F513BAC2A8908480066293A /* Setup */,
				3F0842472A85803300B5E661 /* BooksView.swift */,
				3F0842582A85987200B5E661 /* BookList.swift */,
				3F08424E2A8584EE00B5E661 /* Book_setup_Options.swift */,
			);
			path = Books;
			sourceTree = "<group>";
		};
		3F513BAE2A890CB90066293A /* Auth */ = {
			isa = PBXGroup;
			children = (
				3F08423C2A8530DF00B5E661 /* SignUpView.swift */,
				3F08423E2A85607500B5E661 /* AuthView.swift */,
				3F58F36A2A8518B500DF076E /* LoginView.swift */,
			);
			path = Auth;
			sourceTree = "<group>";
		};
		3F58F34F2A85180200DF076E = {
			isa = PBXGroup;
			children = (
				3F58F35A2A85180200DF076E /* visualbook */,
				3F58F3592A85180200DF076E /* Products */,
			);
			sourceTree = "<group>";
		};
		3F58F3592A85180200DF076E /* Products */ = {
			isa = PBXGroup;
			children = (
				3F58F3582A85180200DF076E /* visualbook.app */,
			);
			name = Products;
			sourceTree = "<group>";
		};
		3F58F35A2A85180200DF076E /* visualbook */ = {
			isa = PBXGroup;
			children = (
				3F0842812A88250D00B5E661 /* Components */,
				3F0842432A857C0400B5E661 /* GoogleService-Info.plist */,
				3F0842422A856A8400B5E661 /* visualbook.entitlements */,
				3F513BAE2A890CB90066293A /* Auth */,
				3F0842222A852D1500B5E661 /* Extensions */,
				3F58F3692A85189C00DF076E /* Views */,
				3F58F35B2A85180200DF076E /* visualbookApp.swift */,
				3F58F35D2A85180200DF076E /* RootView.swift */,
				3F58F35F2A85180300DF076E /* Assets.xcassets */,
				3F58F3612A85180300DF076E /* Preview Content */,
			);
			path = visualbook;
			sourceTree = "<group>";
		};
		3F58F3612A85180300DF076E /* Preview Content */ = {
			isa = PBXGroup;
			children = (
				3F58F3622A85180300DF076E /* Preview Assets.xcassets */,
			);
			path = "Preview Content";
			sourceTree = "<group>";
		};
		3F58F3692A85189C00DF076E /* Views */ = {
			isa = PBXGroup;
			children = (
				3F513BAD2A890BBE0066293A /* Books */,
				3F08424B2A85847E00B5E661 /* Activities */,
				3F26BE752A897758007978B2 /* NavigationBarView.swift */,
				3F0842492A85805E00B5E661 /* SettingsView.swift */,
				3F0842702A85AE9C00B5E661 /* FAQ.swift */,
				3F26BE772A8A310F007978B2 /* HomeScreenView.swift */,
				3F26BE7B2A8A4DF3007978B2 /* Shop.swift */,
				3F26BE792A8A4D84007978B2 /* MediaEditor.swift */,
				3F26BE7F2A8A4E47007978B2 /* ActivitiesView.swift */,
			);
			path = Views;
			sourceTree = "<group>";
		};
/* End PBXGroup section */

/* Begin PBXNativeTarget section */
		3F58F3572A85180200DF076E /* visualbook */ = {
			isa = PBXNativeTarget;
			buildConfigurationList = 3F58F3662A85180300DF076E /* Build configuration list for PBXNativeTarget "visualbook" */;
			buildPhases = (
				3F58F3542A85180200DF076E /* Sources */,
				3F58F3552A85180200DF076E /* Frameworks */,
				3F58F3562A85180200DF076E /* Resources */,
			);
			buildRules = (
			);
			dependencies = (
			);
			name = visualbook;
			packageProductDependencies = (
				3F0842262A852EA800B5E661 /* FirebaseAppCheck */,
				3F0842282A852EA800B5E661 /* FirebaseAuth */,
				3F08422A2A852EA800B5E661 /* FirebaseDatabase */,
				3F08422C2A852EA800B5E661 /* FirebaseDatabaseSwift */,
				3F08422E2A852EA800B5E661 /* FirebaseFirestore */,
				3F0842302A852EA800B5E661 /* FirebaseFirestoreSwift */,
				3F0842322A852EA800B5E661 /* FirebaseFunctions */,
				3F0842342A852EA800B5E661 /* FirebaseInstallations */,
				3F0842362A852EA800B5E661 /* FirebaseMessaging */,
				3F0842382A852EA800B5E661 /* FirebaseRemoteConfigSwift */,
				3F08423A2A852EA800B5E661 /* FirebaseStorage */,
				3F0842752A865E6300B5E661 /* CodeScanner */,
			);
			productName = visualbook;
			productReference = 3F58F3582A85180200DF076E /* visualbook.app */;
			productType = "com.apple.product-type.application";
		};
/* End PBXNativeTarget section */

/* Begin PBXProject section */
		3F58F3502A85180200DF076E /* Project object */ = {
			isa = PBXProject;
			attributes = {
				BuildIndependentTargetsInParallel = 1;
				LastSwiftUpdateCheck = 1430;
				LastUpgradeCheck = 1430;
				TargetAttributes = {
					3F58F3572A85180200DF076E = {
						CreatedOnToolsVersion = 14.3.1;
					};
				};
			};
			buildConfigurationList = 3F58F3532A85180200DF076E /* Build configuration list for PBXProject "visualbook" */;
			compatibilityVersion = "Xcode 14.0";
			developmentRegion = en;
			hasScannedForEncodings = 0;
			knownRegions = (
				en,
				Base,
			);
			mainGroup = 3F58F34F2A85180200DF076E;
			packageReferences = (
				3F0842252A852EA800B5E661 /* XCRemoteSwiftPackageReference "firebase-ios-sdk" */,
				3F0842742A865E6300B5E661 /* XCRemoteSwiftPackageReference "CodeScanner" */,
			);
			productRefGroup = 3F58F3592A85180200DF076E /* Products */;
			projectDirPath = "";
			projectRoot = "";
			targets = (
				3F58F3572A85180200DF076E /* visualbook */,
			);
		};
/* End PBXProject section */

/* Begin PBXResourcesBuildPhase section */
		3F58F3562A85180200DF076E /* Resources */ = {
			isa = PBXResourcesBuildPhase;
			buildActionMask = 2147483647;
			files = (
				3F58F3632A85180300DF076E /* Preview Assets.xcassets in Resources */,
				3F58F3602A85180300DF076E /* Assets.xcassets in Resources */,
				3F0842442A857C0400B5E661 /* GoogleService-Info.plist in Resources */,
			);
			runOnlyForDeploymentPostprocessing = 0;
		};
/* End PBXResourcesBuildPhase section */

/* Begin PBXSourcesBuildPhase section */
		3F58F3542A85180200DF076E /* Sources */ = {
			isa = PBXSourcesBuildPhase;
			buildActionMask = 2147483647;
			files = (
				3F0842592A85987200B5E661 /* BookList.swift in Sources */,
				3F08425D2A85996400B5E661 /* ClaimedVideo.swift in Sources */,
				3F513BAB2A88FE7F0066293A /* Gift_Setup.swift in Sources */,
				3F58F36B2A8518B600DF076E /* LoginView.swift in Sources */,
				3F0842512A85851C00B5E661 /* Email_invite_dialog.swift in Sources */,
				3F0842632A859D2100B5E661 /* Activity_Gifting2.swift in Sources */,
				3F08426F2A85AB9400B5E661 /* QrBook_Naming.swift in Sources */,
				3F26BE782A8A310F007978B2 /* HomeScreenView.swift in Sources */,
				3F513BA72A88F3D10066293A /* InviteView.swift in Sources */,
				3F08425B2A85995300B5E661 /* ClaimedImage.swift in Sources */,
				3F08427E2A86C9AE00B5E661 /* QRScannerDeligate.swift in Sources */,
				3F0842532A85859500B5E661 /* Add_image_gift.swift in Sources */,
				3F0842782A86A1F400B5E661 /* ScannerView.swift in Sources */,
				3F0842802A87FF7500B5E661 /* AttachImage.swift in Sources */,
				3F0842652A859F8500B5E661 /* PairingCode.swift in Sources */,
				3F26BE7C2A8A4DF3007978B2 /* Shop.swift in Sources */,
				3F08423D2A8530DF00B5E661 /* SignUpView.swift in Sources */,
				3F513BA92A88FB5E0066293A /* SettingUp.swift in Sources */,
				3F08423F2A85607500B5E661 /* AuthView.swift in Sources */,
				3F08424A2A85805E00B5E661 /* SettingsView.swift in Sources */,
				3F26BE7A2A8A4D84007978B2 /* MediaEditor.swift in Sources */,
				3F0842482A85803300B5E661 /* BooksView.swift in Sources */,
				3F08427A2A86ADB100B5E661 /* CameraView.swift in Sources */,
				3F08427C2A86BDB100B5E661 /* Permission.swift in Sources */,
				3F0842832A88252700B5E661 /* SettingsRowView.swift in Sources */,
				3F58F35E2A85180200DF076E /* RootView.swift in Sources */,
				3F0842672A85A07100B5E661 /* Activity_Gifting4.swift in Sources */,
				3F08424D2A8584A700B5E661 /* Activity_qrbook.swift in Sources */,
				3F0842242A852D2A00B5E661 /* String.swift in Sources */,
				3F26BE802A8A4E47007978B2 /* ActivitiesView.swift in Sources */,
				3F0842572A858DE900B5E661 /* giftMessage.swift in Sources */,
				3F08424F2A8584EE00B5E661 /* Book_setup_Options.swift in Sources */,
				3F26BE762A897758007978B2 /* NavigationBarView.swift in Sources */,
				3F0842552A8586DF00B5E661 /* ForgotPassword.swift in Sources */,
				3F0842712A85AE9C00B5E661 /* FAQ.swift in Sources */,
				3F0842692A85A4A200B5E661 /* Activity_Gifting5.swift in Sources */,
				3F58F35C2A85180200DF076E /* visualbookApp.swift in Sources */,
			);
			runOnlyForDeploymentPostprocessing = 0;
		};
/* End PBXSourcesBuildPhase section */

/* Begin XCBuildConfiguration section */
		3F58F3642A85180300DF076E /* Debug */ = {
			isa = XCBuildConfiguration;
			buildSettings = {
				ALWAYS_SEARCH_USER_PATHS = NO;
				CLANG_ANALYZER_NONNULL = YES;
				CLANG_ANALYZER_NUMBER_OBJECT_CONVERSION = YES_AGGRESSIVE;
				CLANG_CXX_LANGUAGE_STANDARD = "gnu++20";
				CLANG_ENABLE_MODULES = YES;
				CLANG_ENABLE_OBJC_ARC = YES;
				CLANG_ENABLE_OBJC_WEAK = YES;
				CLANG_WARN_BLOCK_CAPTURE_AUTORELEASING = YES;
				CLANG_WARN_BOOL_CONVERSION = YES;
				CLANG_WARN_COMMA = YES;
				CLANG_WARN_CONSTANT_CONVERSION = YES;
				CLANG_WARN_DEPRECATED_OBJC_IMPLEMENTATIONS = YES;
				CLANG_WARN_DIRECT_OBJC_ISA_USAGE = YES_ERROR;
				CLANG_WARN_DOCUMENTATION_COMMENTS = YES;
				CLANG_WARN_EMPTY_BODY = YES;
				CLANG_WARN_ENUM_CONVERSION = YES;
				CLANG_WARN_INFINITE_RECURSION = YES;
				CLANG_WARN_INT_CONVERSION = YES;
				CLANG_WARN_NON_LITERAL_NULL_CONVERSION = YES;
				CLANG_WARN_OBJC_IMPLICIT_RETAIN_SELF = YES;
				CLANG_WARN_OBJC_LITERAL_CONVERSION = YES;
				CLANG_WARN_OBJC_ROOT_CLASS = YES_ERROR;
				CLANG_WARN_QUOTED_INCLUDE_IN_FRAMEWORK_HEADER = YES;
				CLANG_WARN_RANGE_LOOP_ANALYSIS = YES;
				CLANG_WARN_STRICT_PROTOTYPES = YES;
				CLANG_WARN_SUSPICIOUS_MOVE = YES;
				CLANG_WARN_UNGUARDED_AVAILABILITY = YES_AGGRESSIVE;
				CLANG_WARN_UNREACHABLE_CODE = YES;
				CLANG_WARN__DUPLICATE_METHOD_MATCH = YES;
				COPY_PHASE_STRIP = NO;
				DEBUG_INFORMATION_FORMAT = dwarf;
				ENABLE_STRICT_OBJC_MSGSEND = YES;
				ENABLE_TESTABILITY = YES;
				GCC_C_LANGUAGE_STANDARD = gnu11;
				GCC_DYNAMIC_NO_PIC = NO;
				GCC_NO_COMMON_BLOCKS = YES;
				GCC_OPTIMIZATION_LEVEL = 0;
				GCC_PREPROCESSOR_DEFINITIONS = (
					"DEBUG=1",
					"$(inherited)",
				);
				GCC_WARN_64_TO_32_BIT_CONVERSION = YES;
				GCC_WARN_ABOUT_RETURN_TYPE = YES_ERROR;
				GCC_WARN_UNDECLARED_SELECTOR = YES;
				GCC_WARN_UNINITIALIZED_AUTOS = YES_AGGRESSIVE;
				GCC_WARN_UNUSED_FUNCTION = YES;
				GCC_WARN_UNUSED_VARIABLE = YES;
				IPHONEOS_DEPLOYMENT_TARGET = 16.4;
				MTL_ENABLE_DEBUG_INFO = INCLUDE_SOURCE;
				MTL_FAST_MATH = YES;
				ONLY_ACTIVE_ARCH = YES;
				SDKROOT = iphoneos;
				SWIFT_ACTIVE_COMPILATION_CONDITIONS = DEBUG;
				SWIFT_OPTIMIZATION_LEVEL = "-Onone";
			};
			name = Debug;
		};
		3F58F3652A85180300DF076E /* Release */ = {
			isa = XCBuildConfiguration;
			buildSettings = {
				ALWAYS_SEARCH_USER_PATHS = NO;
				CLANG_ANALYZER_NONNULL = YES;
				CLANG_ANALYZER_NUMBER_OBJECT_CONVERSION = YES_AGGRESSIVE;
				CLANG_CXX_LANGUAGE_STANDARD = "gnu++20";
				CLANG_ENABLE_MODULES = YES;
				CLANG_ENABLE_OBJC_ARC = YES;
				CLANG_ENABLE_OBJC_WEAK = YES;
				CLANG_WARN_BLOCK_CAPTURE_AUTORELEASING = YES;
				CLANG_WARN_BOOL_CONVERSION = YES;
				CLANG_WARN_COMMA = YES;
				CLANG_WARN_CONSTANT_CONVERSION = YES;
				CLANG_WARN_DEPRECATED_OBJC_IMPLEMENTATIONS = YES;
				CLANG_WARN_DIRECT_OBJC_ISA_USAGE = YES_ERROR;
				CLANG_WARN_DOCUMENTATION_COMMENTS = YES;
				CLANG_WARN_EMPTY_BODY = YES;
				CLANG_WARN_ENUM_CONVERSION = YES;
				CLANG_WARN_INFINITE_RECURSION = YES;
				CLANG_WARN_INT_CONVERSION = YES;
				CLANG_WARN_NON_LITERAL_NULL_CONVERSION = YES;
				CLANG_WARN_OBJC_IMPLICIT_RETAIN_SELF = YES;
				CLANG_WARN_OBJC_LITERAL_CONVERSION = YES;
				CLANG_WARN_OBJC_ROOT_CLASS = YES_ERROR;
				CLANG_WARN_QUOTED_INCLUDE_IN_FRAMEWORK_HEADER = YES;
				CLANG_WARN_RANGE_LOOP_ANALYSIS = YES;
				CLANG_WARN_STRICT_PROTOTYPES = YES;
				CLANG_WARN_SUSPICIOUS_MOVE = YES;
				CLANG_WARN_UNGUARDED_AVAILABILITY = YES_AGGRESSIVE;
				CLANG_WARN_UNREACHABLE_CODE = YES;
				CLANG_WARN__DUPLICATE_METHOD_MATCH = YES;
				COPY_PHASE_STRIP = NO;
				DEBUG_INFORMATION_FORMAT = "dwarf-with-dsym";
				ENABLE_NS_ASSERTIONS = NO;
				ENABLE_STRICT_OBJC_MSGSEND = YES;
				GCC_C_LANGUAGE_STANDARD = gnu11;
				GCC_NO_COMMON_BLOCKS = YES;
				GCC_WARN_64_TO_32_BIT_CONVERSION = YES;
				GCC_WARN_ABOUT_RETURN_TYPE = YES_ERROR;
				GCC_WARN_UNDECLARED_SELECTOR = YES;
				GCC_WARN_UNINITIALIZED_AUTOS = YES_AGGRESSIVE;
				GCC_WARN_UNUSED_FUNCTION = YES;
				GCC_WARN_UNUSED_VARIABLE = YES;
				IPHONEOS_DEPLOYMENT_TARGET = 16.4;
				MTL_ENABLE_DEBUG_INFO = NO;
				MTL_FAST_MATH = YES;
				SDKROOT = iphoneos;
				SWIFT_COMPILATION_MODE = wholemodule;
				SWIFT_OPTIMIZATION_LEVEL = "-O";
				VALIDATE_PRODUCT = YES;
			};
			name = Release;
		};
		3F58F3672A85180300DF076E /* Debug */ = {
			isa = XCBuildConfiguration;
			buildSettings = {
				ASSETCATALOG_COMPILER_APPICON_NAME = AppIcon;
				ASSETCATALOG_COMPILER_GLOBAL_ACCENT_COLOR_NAME = AccentColor;
				CODE_SIGN_ENTITLEMENTS = visualbook/visualbook.entitlements;
				CODE_SIGN_STYLE = Automatic;
				CURRENT_PROJECT_VERSION = 1;
				DEVELOPMENT_ASSET_PATHS = "\"visualbook/Preview Content\"";
				DEVELOPMENT_TEAM = FHQC5WJ57Q;
				ENABLE_PREVIEWS = YES;
				GENERATE_INFOPLIST_FILE = YES;
				INFOPLIST_KEY_NSCameraUsageDescription = "We Need To Scan QR Code";
				INFOPLIST_KEY_UIApplicationSceneManifest_Generation = YES;
				INFOPLIST_KEY_UIApplicationSupportsIndirectInputEvents = YES;
				INFOPLIST_KEY_UILaunchScreen_Generation = YES;
				INFOPLIST_KEY_UISupportedInterfaceOrientations_iPad = "UIInterfaceOrientationPortrait UIInterfaceOrientationPortraitUpsideDown UIInterfaceOrientationLandscapeLeft UIInterfaceOrientationLandscapeRight";
				INFOPLIST_KEY_UISupportedInterfaceOrientations_iPhone = "UIInterfaceOrientationPortrait UIInterfaceOrientationLandscapeLeft UIInterfaceOrientationLandscapeRight";
				LD_RUNPATH_SEARCH_PATHS = (
					"$(inherited)",
					"@executable_path/Frameworks",
				);
				MARKETING_VERSION = 1.0;
				PRODUCT_BUNDLE_IDENTIFIER = TheVisualBook.visualbook;
				PRODUCT_NAME = "$(TARGET_NAME)";
				SWIFT_EMIT_LOC_STRINGS = YES;
				SWIFT_VERSION = 5.0;
				TARGETED_DEVICE_FAMILY = "1,2";
			};
			name = Debug;
		};
		3F58F3682A85180300DF076E /* Release */ = {
			isa = XCBuildConfiguration;
			buildSettings = {
				ASSETCATALOG_COMPILER_APPICON_NAME = AppIcon;
				ASSETCATALOG_COMPILER_GLOBAL_ACCENT_COLOR_NAME = AccentColor;
				CODE_SIGN_ENTITLEMENTS = visualbook/visualbook.entitlements;
				CODE_SIGN_STYLE = Automatic;
				CURRENT_PROJECT_VERSION = 1;
				DEVELOPMENT_ASSET_PATHS = "\"visualbook/Preview Content\"";
				DEVELOPMENT_TEAM = FHQC5WJ57Q;
				ENABLE_PREVIEWS = YES;
				GENERATE_INFOPLIST_FILE = YES;
				INFOPLIST_KEY_NSCameraUsageDescription = "We Need To Scan QR Code";
				INFOPLIST_KEY_UIApplicationSceneManifest_Generation = YES;
				INFOPLIST_KEY_UIApplicationSupportsIndirectInputEvents = YES;
				INFOPLIST_KEY_UILaunchScreen_Generation = YES;
				INFOPLIST_KEY_UISupportedInterfaceOrientations_iPad = "UIInterfaceOrientationPortrait UIInterfaceOrientationPortraitUpsideDown UIInterfaceOrientationLandscapeLeft UIInterfaceOrientationLandscapeRight";
				INFOPLIST_KEY_UISupportedInterfaceOrientations_iPhone = "UIInterfaceOrientationPortrait UIInterfaceOrientationLandscapeLeft UIInterfaceOrientationLandscapeRight";
				LD_RUNPATH_SEARCH_PATHS = (
					"$(inherited)",
					"@executable_path/Frameworks",
				);
				MARKETING_VERSION = 1.0;
				PRODUCT_BUNDLE_IDENTIFIER = TheVisualBook.visualbook;
				PRODUCT_NAME = "$(TARGET_NAME)";
				SWIFT_EMIT_LOC_STRINGS = YES;
				SWIFT_VERSION = 5.0;
				TARGETED_DEVICE_FAMILY = "1,2";
			};
			name = Release;
		};
/* End XCBuildConfiguration section */

/* Begin XCConfigurationList section */
		3F58F3532A85180200DF076E /* Build configuration list for PBXProject "visualbook" */ = {
			isa = XCConfigurationList;
			buildConfigurations = (
				3F58F3642A85180300DF076E /* Debug */,
				3F58F3652A85180300DF076E /* Release */,
			);
			defaultConfigurationIsVisible = 0;
			defaultConfigurationName = Release;
		};
		3F58F3662A85180300DF076E /* Build configuration list for PBXNativeTarget "visualbook" */ = {
			isa = XCConfigurationList;
			buildConfigurations = (
				3F58F3672A85180300DF076E /* Debug */,
				3F58F3682A85180300DF076E /* Release */,
			);
			defaultConfigurationIsVisible = 0;
			defaultConfigurationName = Release;
		};
/* End XCConfigurationList section */

/* Begin XCRemoteSwiftPackageReference section */
		3F0842252A852EA800B5E661 /* XCRemoteSwiftPackageReference "firebase-ios-sdk" */ = {
			isa = XCRemoteSwiftPackageReference;
			repositoryURL = "https://github.com/firebase/firebase-ios-sdk";
			requirement = {
				kind = upToNextMajorVersion;
				minimumVersion = 10.0.0;
			};
		};
		3F0842742A865E6300B5E661 /* XCRemoteSwiftPackageReference "CodeScanner" */ = {
			isa = XCRemoteSwiftPackageReference;
			repositoryURL = "https://github.com/twostraws/CodeScanner";
			requirement = {
				kind = upToNextMajorVersion;
				minimumVersion = 2.0.0;
			};
		};
/* End XCRemoteSwiftPackageReference section */

/* Begin XCSwiftPackageProductDependency section */
		3F0842262A852EA800B5E661 /* FirebaseAppCheck */ = {
			isa = XCSwiftPackageProductDependency;
			package = 3F0842252A852EA800B5E661 /* XCRemoteSwiftPackageReference "firebase-ios-sdk" */;
			productName = FirebaseAppCheck;
		};
		3F0842282A852EA800B5E661 /* FirebaseAuth */ = {
			isa = XCSwiftPackageProductDependency;
			package = 3F0842252A852EA800B5E661 /* XCRemoteSwiftPackageReference "firebase-ios-sdk" */;
			productName = FirebaseAuth;
		};
		3F08422A2A852EA800B5E661 /* FirebaseDatabase */ = {
			isa = XCSwiftPackageProductDependency;
			package = 3F0842252A852EA800B5E661 /* XCRemoteSwiftPackageReference "firebase-ios-sdk" */;
			productName = FirebaseDatabase;
		};
		3F08422C2A852EA800B5E661 /* FirebaseDatabaseSwift */ = {
			isa = XCSwiftPackageProductDependency;
			package = 3F0842252A852EA800B5E661 /* XCRemoteSwiftPackageReference "firebase-ios-sdk" */;
			productName = FirebaseDatabaseSwift;
		};
		3F08422E2A852EA800B5E661 /* FirebaseFirestore */ = {
			isa = XCSwiftPackageProductDependency;
			package = 3F0842252A852EA800B5E661 /* XCRemoteSwiftPackageReference "firebase-ios-sdk" */;
			productName = FirebaseFirestore;
		};
		3F0842302A852EA800B5E661 /* FirebaseFirestoreSwift */ = {
			isa = XCSwiftPackageProductDependency;
			package = 3F0842252A852EA800B5E661 /* XCRemoteSwiftPackageReference "firebase-ios-sdk" */;
			productName = FirebaseFirestoreSwift;
		};
		3F0842322A852EA800B5E661 /* FirebaseFunctions */ = {
			isa = XCSwiftPackageProductDependency;
			package = 3F0842252A852EA800B5E661 /* XCRemoteSwiftPackageReference "firebase-ios-sdk" */;
			productName = FirebaseFunctions;
		};
		3F0842342A852EA800B5E661 /* FirebaseInstallations */ = {
			isa = XCSwiftPackageProductDependency;
			package = 3F0842252A852EA800B5E661 /* XCRemoteSwiftPackageReference "firebase-ios-sdk" */;
			productName = FirebaseInstallations;
		};
		3F0842362A852EA800B5E661 /* FirebaseMessaging */ = {
			isa = XCSwiftPackageProductDependency;
			package = 3F0842252A852EA800B5E661 /* XCRemoteSwiftPackageReference "firebase-ios-sdk" */;
			productName = FirebaseMessaging;
		};
		3F0842382A852EA800B5E661 /* FirebaseRemoteConfigSwift */ = {
			isa = XCSwiftPackageProductDependency;
			package = 3F0842252A852EA800B5E661 /* XCRemoteSwiftPackageReference "firebase-ios-sdk" */;
			productName = FirebaseRemoteConfigSwift;
		};
		3F08423A2A852EA800B5E661 /* FirebaseStorage */ = {
			isa = XCSwiftPackageProductDependency;
			package = 3F0842252A852EA800B5E661 /* XCRemoteSwiftPackageReference "firebase-ios-sdk" */;
			productName = FirebaseStorage;
		};
		3F0842752A865E6300B5E661 /* CodeScanner */ = {
			isa = XCSwiftPackageProductDependency;
			package = 3F0842742A865E6300B5E661 /* XCRemoteSwiftPackageReference "CodeScanner" */;
			productName = CodeScanner;
		};
/* End XCSwiftPackageProductDependency section */
	};
	rootObject = 3F58F3502A85180200DF076E /* Project object */;
}
